// !$*UTF8*$!
{
	archiveVersion = 1;
	classes = {
	};
	objectVersion = 56;
	objects = {

/* Begin PBXBuildFile section */
		4C9545472B61178B00B7067D /* AppDelegate.swift in Sources */ = {isa = PBXBuildFile; fileRef = 4C9545462B61178B00B7067D /* AppDelegate.swift */; };
		4C9545492B61178B00B7067D /* SceneDelegate.swift in Sources */ = {isa = PBXBuildFile; fileRef = 4C9545482B61178B00B7067D /* SceneDelegate.swift */; };
		4C9545502B61178C00B7067D /* Assets.xcassets in Resources */ = {isa = PBXBuildFile; fileRef = 4C95454F2B61178C00B7067D /* Assets.xcassets */; };
		4C9545532B61178C00B7067D /* LaunchScreen.storyboard in Resources */ = {isa = PBXBuildFile; fileRef = 4C9545512B61178C00B7067D /* LaunchScreen.storyboard */; };
		4C95455D2B611BE800B7067D /* BreedImagesView.swift in Sources */ = {isa = PBXBuildFile; fileRef = 4C95455C2B611BE800B7067D /* BreedImagesView.swift */; };
		4C95455F2B611C2D00B7067D /* BreedListView.swift in Sources */ = {isa = PBXBuildFile; fileRef = 4C95455E2B611C2D00B7067D /* BreedListView.swift */; };
		4C9545612B611C4700B7067D /* DogCellView.swift in Sources */ = {isa = PBXBuildFile; fileRef = 4C9545602B611C4700B7067D /* DogCellView.swift */; };
		4C9545632B611C7A00B7067D /* FavoriteImagesView.swift in Sources */ = {isa = PBXBuildFile; fileRef = 4C9545622B611C7A00B7067D /* FavoriteImagesView.swift */; };
		4C9545652B611C9400B7067D /* ImageCell.swift in Sources */ = {isa = PBXBuildFile; fileRef = 4C9545642B611C9400B7067D /* ImageCell.swift */; };
		4C9545672B611CA900B7067D /* ImageDetailView.swift in Sources */ = {isa = PBXBuildFile; fileRef = 4C9545662B611CA900B7067D /* ImageDetailView.swift */; };
		4C95456A2B611CF600B7067D /* BreedImageModel.swift in Sources */ = {isa = PBXBuildFile; fileRef = 4C9545692B611CF600B7067D /* BreedImageModel.swift */; };
		4C95456C2B611D2700B7067D /* BreedListModel.swift in Sources */ = {isa = PBXBuildFile; fileRef = 4C95456B2B611D2700B7067D /* BreedListModel.swift */; };
		4C95456E2B611D5000B7067D /* DogImagesResponse.swift in Sources */ = {isa = PBXBuildFile; fileRef = 4C95456D2B611D5000B7067D /* DogImagesResponse.swift */; };
		4C9545702B611DE200B7067D /* FavoriteModel.swift in Sources */ = {isa = PBXBuildFile; fileRef = 4C95456F2B611DE200B7067D /* FavoriteModel.swift */; };
		4C9545732B61243E00B7067D /* BreedImagesController.swift in Sources */ = {isa = PBXBuildFile; fileRef = 4C9545722B61243E00B7067D /* BreedImagesController.swift */; };
		4C9545752B61245B00B7067D /* FavoritesController.swift in Sources */ = {isa = PBXBuildFile; fileRef = 4C9545742B61245B00B7067D /* FavoritesController.swift */; };
		4C9545772B61248300B7067D /* HomeController.swift in Sources */ = {isa = PBXBuildFile; fileRef = 4C9545762B61248300B7067D /* HomeController.swift */; };
		4C9545792B61249E00B7067D /* ImageDetailController.swift in Sources */ = {isa = PBXBuildFile; fileRef = 4C9545782B61249E00B7067D /* ImageDetailController.swift */; };
		4C95457C2B6124E600B7067D /* FavoriteManager.swift in Sources */ = {isa = PBXBuildFile; fileRef = 4C95457B2B6124E600B7067D /* FavoriteManager.swift */; };
/* End PBXBuildFile section */

/* Begin PBXFileReference section */
		4C9545432B61178B00B7067D /* DogBreedPickerResearch.app */ = {isa = PBXFileReference; explicitFileType = wrapper.application; includeInIndex = 0; path = DogBreedPickerResearch.app; sourceTree = BUILT_PRODUCTS_DIR; };
		4C9545462B61178B00B7067D /* AppDelegate.swift */ = {isa = PBXFileReference; lastKnownFileType = sourcecode.swift; path = AppDelegate.swift; sourceTree = "<group>"; };
		4C9545482B61178B00B7067D /* SceneDelegate.swift */ = {isa = PBXFileReference; lastKnownFileType = sourcecode.swift; path = SceneDelegate.swift; sourceTree = "<group>"; };
		4C95454F2B61178C00B7067D /* Assets.xcassets */ = {isa = PBXFileReference; lastKnownFileType = folder.assetcatalog; path = Assets.xcassets; sourceTree = "<group>"; };
		4C9545522B61178C00B7067D /* Base */ = {isa = PBXFileReference; lastKnownFileType = file.storyboard; name = Base; path = Base.lproj/LaunchScreen.storyboard; sourceTree = "<group>"; };
		4C9545542B61178C00B7067D /* Info.plist */ = {isa = PBXFileReference; lastKnownFileType = text.plist.xml; path = Info.plist; sourceTree = "<group>"; };
		4C95455C2B611BE800B7067D /* BreedImagesView.swift */ = {isa = PBXFileReference; lastKnownFileType = sourcecode.swift; path = BreedImagesView.swift; sourceTree = "<group>"; };
		4C95455E2B611C2D00B7067D /* BreedListView.swift */ = {isa = PBXFileReference; lastKnownFileType = sourcecode.swift; path = BreedListView.swift; sourceTree = "<group>"; };
		4C9545602B611C4700B7067D /* DogCellView.swift */ = {isa = PBXFileReference; lastKnownFileType = sourcecode.swift; path = DogCellView.swift; sourceTree = "<group>"; };
		4C9545622B611C7A00B7067D /* FavoriteImagesView.swift */ = {isa = PBXFileReference; lastKnownFileType = sourcecode.swift; path = FavoriteImagesView.swift; sourceTree = "<group>"; };
		4C9545642B611C9400B7067D /* ImageCell.swift */ = {isa = PBXFileReference; lastKnownFileType = sourcecode.swift; path = ImageCell.swift; sourceTree = "<group>"; };
		4C9545662B611CA900B7067D /* ImageDetailView.swift */ = {isa = PBXFileReference; lastKnownFileType = sourcecode.swift; path = ImageDetailView.swift; sourceTree = "<group>"; };
		4C9545692B611CF600B7067D /* BreedImageModel.swift */ = {isa = PBXFileReference; lastKnownFileType = sourcecode.swift; path = BreedImageModel.swift; sourceTree = "<group>"; };
		4C95456B2B611D2700B7067D /* BreedListModel.swift */ = {isa = PBXFileReference; lastKnownFileType = sourcecode.swift; path = BreedListModel.swift; sourceTree = "<group>"; };
		4C95456D2B611D5000B7067D /* DogImagesResponse.swift */ = {isa = PBXFileReference; lastKnownFileType = sourcecode.swift; path = DogImagesResponse.swift; sourceTree = "<group>"; };
		4C95456F2B611DE200B7067D /* FavoriteModel.swift */ = {isa = PBXFileReference; lastKnownFileType = sourcecode.swift; path = FavoriteModel.swift; sourceTree = "<group>"; };
		4C9545722B61243E00B7067D /* BreedImagesController.swift */ = {isa = PBXFileReference; lastKnownFileType = sourcecode.swift; path = BreedImagesController.swift; sourceTree = "<group>"; };
		4C9545742B61245B00B7067D /* FavoritesController.swift */ = {isa = PBXFileReference; lastKnownFileType = sourcecode.swift; path = FavoritesController.swift; sourceTree = "<group>"; };
		4C9545762B61248300B7067D /* HomeController.swift */ = {isa = PBXFileReference; lastKnownFileType = sourcecode.swift; path = HomeController.swift; sourceTree = "<group>"; };
		4C9545782B61249E00B7067D /* ImageDetailController.swift */ = {isa = PBXFileReference; lastKnownFileType = sourcecode.swift; path = ImageDetailController.swift; sourceTree = "<group>"; };
		4C95457B2B6124E600B7067D /* FavoriteManager.swift */ = {isa = PBXFileReference; lastKnownFileType = sourcecode.swift; path = FavoriteManager.swift; sourceTree = "<group>"; };
/* End PBXFileReference section */

/* Begin PBXFrameworksBuildPhase section */
		4C9545402B61178B00B7067D /* Frameworks */ = {
			isa = PBXFrameworksBuildPhase;
			buildActionMask = 2147483647;
			files = (
			);
			runOnlyForDeploymentPostprocessing = 0;
		};
/* End PBXFrameworksBuildPhase section */

/* Begin PBXGroup section */
		4C95453A2B61178B00B7067D = {
			isa = PBXGroup;
			children = (
				4C9545452B61178B00B7067D /* DogBreedPickerResearch */,
				4C9545442B61178B00B7067D /* Products */,
			);
			sourceTree = "<group>";
		};
		4C9545442B61178B00B7067D /* Products */ = {
			isa = PBXGroup;
			children = (
				4C9545432B61178B00B7067D /* DogBreedPickerResearch.app */,
			);
			name = Products;
			sourceTree = "<group>";
		};
		4C9545452B61178B00B7067D /* DogBreedPickerResearch */ = {
			isa = PBXGroup;
			children = (
				4C9545712B61241D00B7067D /* Controllers */,
				4C9545682B611CDD00B7067D /* Models */,
				4C95455B2B611BCC00B7067D /* Views */,
				4C95455A2B611B5300B7067D /* Supporting */,
				4C9545542B61178C00B7067D /* Info.plist */,
			);
			path = DogBreedPickerResearch;
			sourceTree = "<group>";
		};
		4C95455A2B611B5300B7067D /* Supporting */ = {
			isa = PBXGroup;
			children = (
				4C9545512B61178C00B7067D /* LaunchScreen.storyboard */,
				4C95454F2B61178C00B7067D /* Assets.xcassets */,
				4C9545482B61178B00B7067D /* SceneDelegate.swift */,
				4C9545462B61178B00B7067D /* AppDelegate.swift */,
			);
			path = Supporting;
			sourceTree = "<group>";
		};
		4C95455B2B611BCC00B7067D /* Views */ = {
			isa = PBXGroup;
			children = (
				4C95457A2B6124C500B7067D /* Managers */,
				4C95455C2B611BE800B7067D /* BreedImagesView.swift */,
				4C95455E2B611C2D00B7067D /* BreedListView.swift */,
				4C9545602B611C4700B7067D /* DogCellView.swift */,
				4C9545622B611C7A00B7067D /* FavoriteImagesView.swift */,
				4C9545642B611C9400B7067D /* ImageCell.swift */,
				4C9545662B611CA900B7067D /* ImageDetailView.swift */,
			);
			path = Views;
			sourceTree = "<group>";
		};
		4C9545682B611CDD00B7067D /* Models */ = {
			isa = PBXGroup;
			children = (
				4C9545692B611CF600B7067D /* BreedImageModel.swift */,
				4C95456B2B611D2700B7067D /* BreedListModel.swift */,
				4C95456D2B611D5000B7067D /* DogImagesResponse.swift */,
				4C95456F2B611DE200B7067D /* FavoriteModel.swift */,
			);
			path = Models;
			sourceTree = "<group>";
		};
		4C9545712B61241D00B7067D /* Controllers */ = {
			isa = PBXGroup;
			children = (
				4C9545722B61243E00B7067D /* BreedImagesController.swift */,
				4C9545742B61245B00B7067D /* FavoritesController.swift */,
				4C9545762B61248300B7067D /* HomeController.swift */,
				4C9545782B61249E00B7067D /* ImageDetailController.swift */,
			);
			path = Controllers;
			sourceTree = "<group>";
		};
		4C95457A2B6124C500B7067D /* Managers */ = {
			isa = PBXGroup;
			children = (
				4C95457B2B6124E600B7067D /* FavoriteManager.swift */,
			);
			path = Managers;
			sourceTree = "<group>";
		};
/* End PBXGroup section */

/* Begin PBXNativeTarget section */
		4C9545422B61178B00B7067D /* DogBreedPickerResearch */ = {
			isa = PBXNativeTarget;
			buildConfigurationList = 4C9545572B61178C00B7067D /* Build configuration list for PBXNativeTarget "DogBreedPickerResearch" */;
			buildPhases = (
				4C95453F2B61178B00B7067D /* Sources */,
				4C9545402B61178B00B7067D /* Frameworks */,
				4C9545412B61178B00B7067D /* Resources */,
			);
			buildRules = (
			);
			dependencies = (
			);
			name = DogBreedPickerResearch;
			productName = DogBreedPickerResearch;
			productReference = 4C9545432B61178B00B7067D /* DogBreedPickerResearch.app */;
			productType = "com.apple.product-type.application";
		};
/* End PBXNativeTarget section */

/* Begin PBXProject section */
		4C95453B2B61178B00B7067D /* Project object */ = {
			isa = PBXProject;
			attributes = {
				BuildIndependentTargetsInParallel = 1;
				LastSwiftUpdateCheck = 1520;
				LastUpgradeCheck = 1520;
				TargetAttributes = {
					4C9545422B61178B00B7067D = {
						CreatedOnToolsVersion = 15.2;
					};
				};
			};
			buildConfigurationList = 4C95453E2B61178B00B7067D /* Build configuration list for PBXProject "DogBreedPickerResearch" */;
			compatibilityVersion = "Xcode 14.0";
			developmentRegion = en;
			hasScannedForEncodings = 0;
			knownRegions = (
				en,
				Base,
			);
			mainGroup = 4C95453A2B61178B00B7067D;
			productRefGroup = 4C9545442B61178B00B7067D /* Products */;
			projectDirPath = "";
			projectRoot = "";
			targets = (
				4C9545422B61178B00B7067D /* DogBreedPickerResearch */,
			);
		};
/* End PBXProject section */

/* Begin PBXResourcesBuildPhase section */
		4C9545412B61178B00B7067D /* Resources */ = {
			isa = PBXResourcesBuildPhase;
			buildActionMask = 2147483647;
			files = (
				4C9545532B61178C00B7067D /* LaunchScreen.storyboard in Resources */,
				4C9545502B61178C00B7067D /* Assets.xcassets in Resources */,
			);
			runOnlyForDeploymentPostprocessing = 0;
		};
/* End PBXResourcesBuildPhase section */

/* Begin PBXSourcesBuildPhase section */
		4C95453F2B61178B00B7067D /* Sources */ = {
			isa = PBXSourcesBuildPhase;
			buildActionMask = 2147483647;
			files = (
				4C95456C2B611D2700B7067D /* BreedListModel.swift in Sources */,
				4C9545752B61245B00B7067D /* FavoritesController.swift in Sources */,
				4C95457C2B6124E600B7067D /* FavoriteManager.swift in Sources */,
				4C95455F2B611C2D00B7067D /* BreedListView.swift in Sources */,
				4C9545472B61178B00B7067D /* AppDelegate.swift in Sources */,
				4C9545732B61243E00B7067D /* BreedImagesController.swift in Sources */,
				4C9545612B611C4700B7067D /* DogCellView.swift in Sources */,
				4C9545632B611C7A00B7067D /* FavoriteImagesView.swift in Sources */,
				4C9545652B611C9400B7067D /* ImageCell.swift in Sources */,
				4C9545492B61178B00B7067D /* SceneDelegate.swift in Sources */,
				4C95455D2B611BE800B7067D /* BreedImagesView.swift in Sources */,
				4C95456E2B611D5000B7067D /* DogImagesResponse.swift in Sources */,
				4C9545772B61248300B7067D /* HomeController.swift in Sources */,
				4C9545702B611DE200B7067D /* FavoriteModel.swift in Sources */,
				4C9545792B61249E00B7067D /* ImageDetailController.swift in Sources */,
				4C95456A2B611CF600B7067D /* BreedImageModel.swift in Sources */,
				4C9545672B611CA900B7067D /* ImageDetailView.swift in Sources */,
			);
			runOnlyForDeploymentPostprocessing = 0;
		};
/* End PBXSourcesBuildPhase section */

/* Begin PBXVariantGroup section */
		4C9545512B61178C00B7067D /* LaunchScreen.storyboard */ = {
			isa = PBXVariantGroup;
			children = (
				4C9545522B61178C00B7067D /* Base */,
			);
			name = LaunchScreen.storyboard;
			sourceTree = "<group>";
		};
/* End PBXVariantGroup section */

/* Begin XCBuildConfiguration section */
		4C9545552B61178C00B7067D /* Debug */ = {
			isa = XCBuildConfiguration;
			buildSettings = {
				ALWAYS_SEARCH_USER_PATHS = NO;
				ASSETCATALOG_COMPILER_GENERATE_SWIFT_ASSET_SYMBOL_EXTENSIONS = YES;
				CLANG_ANALYZER_NONNULL = YES;
				CLANG_ANALYZER_NUMBER_OBJECT_CONVERSION = YES_AGGRESSIVE;
				CLANG_CXX_LANGUAGE_STANDARD = "gnu++20";
				CLANG_ENABLE_MODULES = YES;
				CLANG_ENABLE_OBJC_ARC = YES;
				CLANG_ENABLE_OBJC_WEAK = YES;
				CLANG_WARN_BLOCK_CAPTURE_AUTORELEASING = YES;
				CLANG_WARN_BOOL_CONVERSION = YES;
				CLANG_WARN_COMMA = YES;
				CLANG_WARN_CONSTANT_CONVERSION = YES;
				CLANG_WARN_DEPRECATED_OBJC_IMPLEMENTATIONS = YES;
				CLANG_WARN_DIRECT_OBJC_ISA_USAGE = YES_ERROR;
				CLANG_WARN_DOCUMENTATION_COMMENTS = YES;
				CLANG_WARN_EMPTY_BODY = YES;
				CLANG_WARN_ENUM_CONVERSION = YES;
				CLANG_WARN_INFINITE_RECURSION = YES;
				CLANG_WARN_INT_CONVERSION = YES;
				CLANG_WARN_NON_LITERAL_NULL_CONVERSION = YES;
				CLANG_WARN_OBJC_IMPLICIT_RETAIN_SELF = YES;
				CLANG_WARN_OBJC_LITERAL_CONVERSION = YES;
				CLANG_WARN_OBJC_ROOT_CLASS = YES_ERROR;
				CLANG_WARN_QUOTED_INCLUDE_IN_FRAMEWORK_HEADER = YES;
				CLANG_WARN_RANGE_LOOP_ANALYSIS = YES;
				CLANG_WARN_STRICT_PROTOTYPES = YES;
				CLANG_WARN_SUSPICIOUS_MOVE = YES;
				CLANG_WARN_UNGUARDED_AVAILABILITY = YES_AGGRESSIVE;
				CLANG_WARN_UNREACHABLE_CODE = YES;
				CLANG_WARN__DUPLICATE_METHOD_MATCH = YES;
				COPY_PHASE_STRIP = NO;
				DEBUG_INFORMATION_FORMAT = dwarf;
				ENABLE_STRICT_OBJC_MSGSEND = YES;
				ENABLE_TESTABILITY = YES;
				ENABLE_USER_SCRIPT_SANDBOXING = YES;
				GCC_C_LANGUAGE_STANDARD = gnu17;
				GCC_DYNAMIC_NO_PIC = NO;
				GCC_NO_COMMON_BLOCKS = YES;
				GCC_OPTIMIZATION_LEVEL = 0;
				GCC_PREPROCESSOR_DEFINITIONS = (
					"DEBUG=1",
					"$(inherited)",
				);
				GCC_WARN_64_TO_32_BIT_CONVERSION = YES;
				GCC_WARN_ABOUT_RETURN_TYPE = YES_ERROR;
				GCC_WARN_UNDECLARED_SELECTOR = YES;
				GCC_WARN_UNINITIALIZED_AUTOS = YES_AGGRESSIVE;
				GCC_WARN_UNUSED_FUNCTION = YES;
				GCC_WARN_UNUSED_VARIABLE = YES;
				IPHONEOS_DEPLOYMENT_TARGET = 13.0;
				LOCALIZATION_PREFERS_STRING_CATALOGS = YES;
				MTL_ENABLE_DEBUG_INFO = INCLUDE_SOURCE;
				MTL_FAST_MATH = YES;
				ONLY_ACTIVE_ARCH = YES;
				SDKROOT = iphoneos;
				SWIFT_ACTIVE_COMPILATION_CONDITIONS = "DEBUG $(inherited)";
				SWIFT_OPTIMIZATION_LEVEL = "-Onone";
			};
			name = Debug;
		};
		4C9545562B61178C00B7067D /* Release */ = {
			isa = XCBuildConfiguration;
			buildSettings = {
				ALWAYS_SEARCH_USER_PATHS = NO;
				ASSETCATALOG_COMPILER_GENERATE_SWIFT_ASSET_SYMBOL_EXTENSIONS = YES;
				CLANG_ANALYZER_NONNULL = YES;
				CLANG_ANALYZER_NUMBER_OBJECT_CONVERSION = YES_AGGRESSIVE;
				CLANG_CXX_LANGUAGE_STANDARD = "gnu++20";
				CLANG_ENABLE_MODULES = YES;
				CLANG_ENABLE_OBJC_ARC = YES;
				CLANG_ENABLE_OBJC_WEAK = YES;
				CLANG_WARN_BLOCK_CAPTURE_AUTORELEASING = YES;
				CLANG_WARN_BOOL_CONVERSION = YES;
				CLANG_WARN_COMMA = YES;
				CLANG_WARN_CONSTANT_CONVERSION = YES;
				CLANG_WARN_DEPRECATED_OBJC_IMPLEMENTATIONS = YES;
				CLANG_WARN_DIRECT_OBJC_ISA_USAGE = YES_ERROR;
				CLANG_WARN_DOCUMENTATION_COMMENTS = YES;
				CLANG_WARN_EMPTY_BODY = YES;
				CLANG_WARN_ENUM_CONVERSION = YES;
				CLANG_WARN_INFINITE_RECURSION = YES;
				CLANG_WARN_INT_CONVERSION = YES;
				CLANG_WARN_NON_LITERAL_NULL_CONVERSION = YES;
				CLANG_WARN_OBJC_IMPLICIT_RETAIN_SELF = YES;
				CLANG_WARN_OBJC_LITERAL_CONVERSION = YES;
				CLANG_WARN_OBJC_ROOT_CLASS = YES_ERROR;
				CLANG_WARN_QUOTED_INCLUDE_IN_FRAMEWORK_HEADER = YES;
				CLANG_WARN_RANGE_LOOP_ANALYSIS = YES;
				CLANG_WARN_STRICT_PROTOTYPES = YES;
				CLANG_WARN_SUSPICIOUS_MOVE = YES;
				CLANG_WARN_UNGUARDED_AVAILABILITY = YES_AGGRESSIVE;
				CLANG_WARN_UNREACHABLE_CODE = YES;
				CLANG_WARN__DUPLICATE_METHOD_MATCH = YES;
				COPY_PHASE_STRIP = NO;
				DEBUG_INFORMATION_FORMAT = "dwarf-with-dsym";
				ENABLE_NS_ASSERTIONS = NO;
				ENABLE_STRICT_OBJC_MSGSEND = YES;
				ENABLE_USER_SCRIPT_SANDBOXING = YES;
				GCC_C_LANGUAGE_STANDARD = gnu17;
				GCC_NO_COMMON_BLOCKS = YES;
				GCC_WARN_64_TO_32_BIT_CONVERSION = YES;
				GCC_WARN_ABOUT_RETURN_TYPE = YES_ERROR;
				GCC_WARN_UNDECLARED_SELECTOR = YES;
				GCC_WARN_UNINITIALIZED_AUTOS = YES_AGGRESSIVE;
				GCC_WARN_UNUSED_FUNCTION = YES;
				GCC_WARN_UNUSED_VARIABLE = YES;
				IPHONEOS_DEPLOYMENT_TARGET = 13.0;
				LOCALIZATION_PREFERS_STRING_CATALOGS = YES;
				MTL_ENABLE_DEBUG_INFO = NO;
				MTL_FAST_MATH = YES;
				SDKROOT = iphoneos;
				SWIFT_COMPILATION_MODE = wholemodule;
				VALIDATE_PRODUCT = YES;
			};
			name = Release;
		};
		4C9545582B61178C00B7067D /* Debug */ = {
			isa = XCBuildConfiguration;
			buildSettings = {
				ASSETCATALOG_COMPILER_APPICON_NAME = AppIcon;
				ASSETCATALOG_COMPILER_GLOBAL_ACCENT_COLOR_NAME = AccentColor;
				CODE_SIGN_STYLE = Automatic;
				CURRENT_PROJECT_VERSION = 1;
				GENERATE_INFOPLIST_FILE = YES;
				INFOPLIST_FILE = DogBreedPickerResearch/Info.plist;
				INFOPLIST_KEY_UIApplicationSupportsIndirectInputEvents = YES;
				INFOPLIST_KEY_UILaunchStoryboardName = LaunchScreen;
				INFOPLIST_KEY_UISupportedInterfaceOrientations_iPad = "UIInterfaceOrientationPortrait UIInterfaceOrientationPortraitUpsideDown UIInterfaceOrientationLandscapeLeft UIInterfaceOrientationLandscapeRight";
				INFOPLIST_KEY_UISupportedInterfaceOrientations_iPhone = "UIInterfaceOrientationPortrait UIInterfaceOrientationLandscapeLeft UIInterfaceOrientationLandscapeRight";
				IPHONEOS_DEPLOYMENT_TARGET = 13.0;
				LD_RUNPATH_SEARCH_PATHS = (
					"$(inherited)",
					"@executable_path/Frameworks",
				);
				MARKETING_VERSION = 1.0;
				PRODUCT_BUNDLE_IDENTIFIER = com.PeterKS.DogBreedPickerResearch;
				PRODUCT_NAME = "$(TARGET_NAME)";
				SWIFT_EMIT_LOC_STRINGS = YES;
				SWIFT_VERSION = 5.0;
				TARGETED_DEVICE_FAMILY = "1,2";
			};
			name = Debug;
		};
		4C9545592B61178C00B7067D /* Release */ = {
			isa = XCBuildConfiguration;
			buildSettings = {
				ASSETCATALOG_COMPILER_APPICON_NAME = AppIcon;
				ASSETCATALOG_COMPILER_GLOBAL_ACCENT_COLOR_NAME = AccentColor;
				CODE_SIGN_STYLE = Automatic;
				CURRENT_PROJECT_VERSION = 1;
				GENERATE_INFOPLIST_FILE = YES;
				INFOPLIST_FILE = DogBreedPickerResearch/Info.plist;
				INFOPLIST_KEY_UIApplicationSupportsIndirectInputEvents = YES;
				INFOPLIST_KEY_UILaunchStoryboardName = LaunchScreen;
				INFOPLIST_KEY_UISupportedInterfaceOrientations_iPad = "UIInterfaceOrientationPortrait UIInterfaceOrientationPortraitUpsideDown UIInterfaceOrientationLandscapeLeft UIInterfaceOrientationLandscapeRight";
				INFOPLIST_KEY_UISupportedInterfaceOrientations_iPhone = "UIInterfaceOrientationPortrait UIInterfaceOrientationLandscapeLeft UIInterfaceOrientationLandscapeRight";
				IPHONEOS_DEPLOYMENT_TARGET = 13.0;
				LD_RUNPATH_SEARCH_PATHS = (
					"$(inherited)",
					"@executable_path/Frameworks",
				);
				MARKETING_VERSION = 1.0;
				PRODUCT_BUNDLE_IDENTIFIER = com.PeterKS.DogBreedPickerResearch;
				PRODUCT_NAME = "$(TARGET_NAME)";
				SWIFT_EMIT_LOC_STRINGS = YES;
				SWIFT_VERSION = 5.0;
				TARGETED_DEVICE_FAMILY = "1,2";
			};
			name = Release;
		};
/* End XCBuildConfiguration section */

/* Begin XCConfigurationList section */
		4C95453E2B61178B00B7067D /* Build configuration list for PBXProject "DogBreedPickerResearch" */ = {
			isa = XCConfigurationList;
			buildConfigurations = (
				4C9545552B61178C00B7067D /* Debug */,
				4C9545562B61178C00B7067D /* Release */,
			);
			defaultConfigurationIsVisible = 0;
			defaultConfigurationName = Release;
		};
		4C9545572B61178C00B7067D /* Build configuration list for PBXNativeTarget "DogBreedPickerResearch" */ = {
			isa = XCConfigurationList;
			buildConfigurations = (
				4C9545582B61178C00B7067D /* Debug */,
				4C9545592B61178C00B7067D /* Release */,
			);
			defaultConfigurationIsVisible = 0;
			defaultConfigurationName = Release;
		};
/* End XCConfigurationList section */
	};
	rootObject = 4C95453B2B61178B00B7067D /* Project object */;
}
